# THIS IS AN AUTOGENERATED FILE. DO NOT EDIT THIS FILE DIRECTLY.
# yarn lockfile v1


css-color-list@0.0.1:
  version "0.0.1"
  resolved "https://registry.yarnpkg.com/css-color-list/-/css-color-list-0.0.1.tgz#8718e8695ae7a2cc8787be8715f1c008a7f28b15"
  dependencies:
    css-color-names "0.0.1"

css-color-names@0.0.1:
  version "0.0.1"
  resolved "https://registry.yarnpkg.com/css-color-names/-/css-color-names-0.0.1.tgz#5d0548fa256456ede4a9a0c2ac7ab19d3eb1ad81"

css-color-names@0.0.3:
  version "0.0.3"
  resolved "https://registry.yarnpkg.com/css-color-names/-/css-color-names-0.0.3.tgz#de0cef16f4d8aa8222a320d5b6d7e9bbada7b9f6"

get-contrast@^2.0.0:
  version "2.0.0"
  resolved "https://registry.yarnpkg.com/get-contrast/-/get-contrast-2.0.0.tgz#c965497d258d4c23d03a06595485acc3d51ed6fb"
  dependencies:
    css-color-names "0.0.3"
    is-blank "1.1.0"
    is-named-css-color "1.0.0"
    rgb "^0.1.0"
    wcag-contrast "0.1.0"

hex-rgb@~1.0.0:
  version "1.0.0"
  resolved "https://registry.yarnpkg.com/hex-rgb/-/hex-rgb-1.0.0.tgz#532275697cb9823e052429b184c6781d46cfdf49"

is-blank@1.1.0:
  version "1.1.0"
  resolved "https://registry.yarnpkg.com/is-blank/-/is-blank-1.1.0.tgz#9274ddbd46363cb767075c385d4ab88c6a64dc17"
  dependencies:
    is-empty "0.0.1"
    is-whitespace "^0.3.0"

is-empty@0.0.1:
  version "0.0.1"
  resolved "https://registry.yarnpkg.com/is-empty/-/is-empty-0.0.1.tgz#09fdc3d649dda5969156c0853a9b76bd781c5a33"

is-named-css-color@1.0.0:
  version "1.0.0"
  resolved "https://registry.yarnpkg.com/is-named-css-color/-/is-named-css-color-1.0.0.tgz#3b5f89bdc4a515ff4ed25714ffc64129a25599b7"
  dependencies:
    css-color-list "0.0.1"

is-whitespace@^0.3.0:
  version "0.3.0"
  resolved "https://registry.yarnpkg.com/is-whitespace/-/is-whitespace-0.3.0.tgz#1639ecb1be036aec69a54cbb401cfbed7114ab7f"

relative-luminance@0.0.0:
  version "0.0.0"
  resolved "https://registry.yarnpkg.com/relative-luminance/-/relative-luminance-0.0.0.tgz#5c56f75687ea722023fe4d96ea44683ccdf1fbfe"

rgb@^0.1.0:
  version "0.1.0"
  resolved "https://registry.yarnpkg.com/rgb/-/rgb-0.1.0.tgz#be27b291e8feffeac1bd99729721bfa40fc037b5"

wcag-contrast@0.1.0:
  version "0.1.0"
  resolved "https://registry.yarnpkg.com/wcag-contrast/-/wcag-contrast-0.1.0.tgz#6ae37954e404941718eda1a1d8e270d9b5671934"
  dependencies:
    hex-rgb "~1.0.0"
    relative-luminance "0.0.0"
